<?xml version="1.0" encoding="utf-8"?>
<Project ToolsVersion="4.0" xmlns="http://schemas.microsoft.com/developer/msbuild/2003">
  <ItemGroup>
    <Filter Include="Containers">
      <UniqueIdentifier>{30a4ef19-f6b1-4dde-9639-08137b5a96c3}</UniqueIdentifier>
    </Filter>
    <Filter Include="UnitsClasses">
      <UniqueIdentifier>{d6265d0d-9e06-4a0b-9c88-39e5e3415fa3}</UniqueIdentifier>
    </Filter>
    <Filter Include="ArmyClasses">
      <UniqueIdentifier>{8a245181-84c7-4cb6-9cc0-a558bcaf50e4}</UniqueIdentifier>
    </Filter>
  </ItemGroup>
  <ItemGroup>
    <ClInclude Include="Containers\PriorityQueue.h">
      <Filter>Containers</Filter>
    </ClInclude>
    <ClInclude Include="Containers\PriorityNode.h">
      <Filter>Containers</Filter>
    </ClInclude>
    <ClInclude Include="Containers\Deque.h">
      <Filter>Containers</Filter>
    </ClInclude>
    <ClInclude Include="Containers\LinkedQueue.h">
      <Filter>Containers</Filter>
    </ClInclude>
    <ClInclude Include="Containers\Node.h">
      <Filter>Containers</Filter>
    </ClInclude>
    <ClInclude Include="Containers\QueueADT.h">
      <Filter>Containers</Filter>
    </ClInclude>
    <ClInclude Include="Containers\StackADT.h">
      <Filter>Containers</Filter>
    </ClInclude>
    <ClInclude Include="Containers\ArrayStack.h">
      <Filter>Containers</Filter>
    </ClInclude>
    <ClInclude Include="UnitClasses\AlienDrone.h">
      <Filter>UnitsClasses</Filter>
    </ClInclude>
    <ClInclude Include="UnitClasses\AlienMonster.h">
      <Filter>UnitsClasses</Filter>
    </ClInclude>
    <ClInclude Include="UnitClasses\AlienSoldier.h">
      <Filter>UnitsClasses</Filter>
    </ClInclude>
    <ClInclude Include="UnitClasses\EarthGunnery.h">
      <Filter>UnitsClasses</Filter>
    </ClInclude>
    <ClInclude Include="UnitClasses\EarthSoldier.h">
      <Filter>UnitsClasses</Filter>
    </ClInclude>
    <ClInclude Include="UnitClasses\EarthTank.h">
      <Filter>UnitsClasses</Filter>
    </ClInclude>
    <ClInclude Include="UnitClasses\Unit.h">
      <Filter>UnitsClasses</Filter>
    </ClInclude>
  </ItemGroup>
  <ItemGroup>
    <ClInclude Include="ArmyClasses\AlienArmy.h">
      <Filter>ArmyClasses</Filter>
    </ClInclude>
    <ClInclude Include="ArmyClasses\Army.h">
      <Filter>ArmyClasses</Filter>
    </ClInclude>
    <ClInclude Include="ArmyClasses\EarthArmy.h">
      <Filter>ArmyClasses</Filter>
    </ClInclude>
  </ItemGroup>
  <ItemGroup>
    <ClCompile Include="main.cpp" />
    <ClCompile Include="UnitClasses\Unit.cpp">
      <Filter>UnitsClasses</Filter>
    </ClCompile>
  </ItemGroup>
</Project>